// !$*UTF8*$!
{
	archiveVersion = 1;
	classes = {
	};
	objectVersion = 46;
	objects = {

/* Begin PBXBuildFile section */
		0ABA72E11BF1995C00616227 /* AppDelegate.swift in Sources */ = {isa = PBXBuildFile; fileRef = 0ABA72E01BF1995C00616227 /* AppDelegate.swift */; };
		0ABA72E31BF1995C00616227 /* ViewController.swift in Sources */ = {isa = PBXBuildFile; fileRef = 0ABA72E21BF1995C00616227 /* ViewController.swift */; };
		0ABA72E61BF1995C00616227 /* Main.storyboard in Resources */ = {isa = PBXBuildFile; fileRef = 0ABA72E41BF1995C00616227 /* Main.storyboard */; };
		0ABA72EB1BF1995C00616227 /* LaunchScreen.storyboard in Resources */ = {isa = PBXBuildFile; fileRef = 0ABA72E91BF1995C00616227 /* LaunchScreen.storyboard */; };
		0ABA72F61BF1995C00616227 /* SJSUMapTests.swift in Sources */ = {isa = PBXBuildFile; fileRef = 0ABA72F51BF1995C00616227 /* SJSUMapTests.swift */; };
		0ABA73011BF1A07400616227 /* Building.swift in Sources */ = {isa = PBXBuildFile; fileRef = 0ABA73001BF1A07400616227 /* Building.swift */; settings = {ASSET_TAGS = (); }; };
		0ABA73031BF1A47E00616227 /* Assets.xcassets in Resources */ = {isa = PBXBuildFile; fileRef = 0ABA73021BF1A47E00616227 /* Assets.xcassets */; settings = {ASSET_TAGS = (); }; };
/* End PBXBuildFile section */

/* Begin PBXContainerItemProxy section */
		0ABA72F21BF1995C00616227 /* PBXContainerItemProxy */ = {
			isa = PBXContainerItemProxy;
			containerPortal = 0ABA72D51BF1995B00616227 /* Project object */;
			proxyType = 1;
			remoteGlobalIDString = 0ABA72DC1BF1995C00616227;
			remoteInfo = SJSUMap;
		};
/* End PBXContainerItemProxy section */

/* Begin PBXFileReference section */
		0ABA72DD1BF1995C00616227 /* SJSUMap.app */ = {isa = PBXFileReference; explicitFileType = wrapper.application; includeInIndex = 0; path = SJSUMap.app; sourceTree = BUILT_PRODUCTS_DIR; };
		0ABA72E01BF1995C00616227 /* AppDelegate.swift */ = {isa = PBXFileReference; lastKnownFileType = sourcecode.swift; path = AppDelegate.swift; sourceTree = "<group>"; };
		0ABA72E21BF1995C00616227 /* ViewController.swift */ = {isa = PBXFileReference; lastKnownFileType = sourcecode.swift; path = ViewController.swift; sourceTree = "<group>"; };
		0ABA72E51BF1995C00616227 /* Base */ = {isa = PBXFileReference; lastKnownFileType = file.storyboard; name = Base; path = Base.lproj/Main.storyboard; sourceTree = "<group>"; };
		0ABA72EA1BF1995C00616227 /* Base */ = {isa = PBXFileReference; lastKnownFileType = file.storyboard; name = Base; path = Base.lproj/LaunchScreen.storyboard; sourceTree = "<group>"; };
		0ABA72EC1BF1995C00616227 /* Info.plist */ = {isa = PBXFileReference; lastKnownFileType = text.plist.xml; path = Info.plist; sourceTree = "<group>"; };
		0ABA72F11BF1995C00616227 /* SJSUMapTests.xctest */ = {isa = PBXFileReference; explicitFileType = wrapper.cfbundle; includeInIndex = 0; path = SJSUMapTests.xctest; sourceTree = BUILT_PRODUCTS_DIR; };
		0ABA72F51BF1995C00616227 /* SJSUMapTests.swift */ = {isa = PBXFileReference; lastKnownFileType = sourcecode.swift; path = SJSUMapTests.swift; sourceTree = "<group>"; };
		0ABA72F71BF1995C00616227 /* Info.plist */ = {isa = PBXFileReference; lastKnownFileType = text.plist.xml; path = Info.plist; sourceTree = "<group>"; };
		0ABA73001BF1A07400616227 /* Building.swift */ = {isa = PBXFileReference; fileEncoding = 4; lastKnownFileType = sourcecode.swift; path = Building.swift; sourceTree = "<group>"; };
		0ABA73021BF1A47E00616227 /* Assets.xcassets */ = {isa = PBXFileReference; lastKnownFileType = folder.assetcatalog; path = Assets.xcassets; sourceTree = "<group>"; };
/* End PBXFileReference section */

/* Begin PBXFrameworksBuildPhase section */
		0ABA72DA1BF1995C00616227 /* Frameworks */ = {
			isa = PBXFrameworksBuildPhase;
			buildActionMask = 2147483647;
			files = (
			);
			runOnlyForDeploymentPostprocessing = 0;
		};
		0ABA72EE1BF1995C00616227 /* Frameworks */ = {
			isa = PBXFrameworksBuildPhase;
			buildActionMask = 2147483647;
			files = (
			);
			runOnlyForDeploymentPostprocessing = 0;
		};
/* End PBXFrameworksBuildPhase section */

/* Begin PBXGroup section */
		0ABA72D41BF1995B00616227 = {
			isa = PBXGroup;
			children = (
				0ABA72DF1BF1995C00616227 /* SJSUMap */,
				0ABA72F41BF1995C00616227 /* SJSUMapTests */,
				0ABA72DE1BF1995C00616227 /* Products */,
			);
			sourceTree = "<group>";
		};
		0ABA72DE1BF1995C00616227 /* Products */ = {
			isa = PBXGroup;
			children = (
				0ABA72DD1BF1995C00616227 /* SJSUMap.app */,
				0ABA72F11BF1995C00616227 /* SJSUMapTests.xctest */,
			);
			name = Products;
			sourceTree = "<group>";
		};
		0ABA72DF1BF1995C00616227 /* SJSUMap */ = {
			isa = PBXGroup;
			children = (
				0ABA73021BF1A47E00616227 /* Assets.xcassets */,
				0ABA72E01BF1995C00616227 /* AppDelegate.swift */,
				0ABA72E21BF1995C00616227 /* ViewController.swift */,
				0ABA72E41BF1995C00616227 /* Main.storyboard */,
				0ABA72E91BF1995C00616227 /* LaunchScreen.storyboard */,
				0ABA72EC1BF1995C00616227 /* Info.plist */,
				0ABA73001BF1A07400616227 /* Building.swift */,
			);
			path = SJSUMap;
			sourceTree = "<group>";
		};
		0ABA72F41BF1995C00616227 /* SJSUMapTests */ = {
			isa = PBXGroup;
			children = (
				0ABA72F51BF1995C00616227 /* SJSUMapTests.swift */,
				0ABA72F71BF1995C00616227 /* Info.plist */,
			);
			path = SJSUMapTests;
			sourceTree = "<group>";
		};
/* End PBXGroup section */

/* Begin PBXNativeTarget section */
		0ABA72DC1BF1995C00616227 /* SJSUMap */ = {
			isa = PBXNativeTarget;
			buildConfigurationList = 0ABA72FA1BF1995C00616227 /* Build configuration list for PBXNativeTarget "SJSUMap" */;
			buildPhases = (
				0ABA72D91BF1995C00616227 /* Sources */,
				0ABA72DA1BF1995C00616227 /* Frameworks */,
				0ABA72DB1BF1995C00616227 /* Resources */,
			);
			buildRules = (
			);
			dependencies = (
			);
			name = SJSUMap;
			productName = SJSUMap;
			productReference = 0ABA72DD1BF1995C00616227 /* SJSUMap.app */;
			productType = "com.apple.product-type.application";
		};
		0ABA72F01BF1995C00616227 /* SJSUMapTests */ = {
			isa = PBXNativeTarget;
			buildConfigurationList = 0ABA72FD1BF1995C00616227 /* Build configuration list for PBXNativeTarget "SJSUMapTests" */;
			buildPhases = (
				0ABA72ED1BF1995C00616227 /* Sources */,
				0ABA72EE1BF1995C00616227 /* Frameworks */,
				0ABA72EF1BF1995C00616227 /* Resources */,
			);
			buildRules = (
			);
			dependencies = (
				0ABA72F31BF1995C00616227 /* PBXTargetDependency */,
			);
			name = SJSUMapTests;
			productName = SJSUMapTests;
			productReference = 0ABA72F11BF1995C00616227 /* SJSUMapTests.xctest */;
			productType = "com.apple.product-type.bundle.unit-test";
		};
/* End PBXNativeTarget section */

/* Begin PBXProject section */
		0ABA72D51BF1995B00616227 /* Project object */ = {
			isa = PBXProject;
			attributes = {
				LastUpgradeCheck = 0700;
				ORGANIZATIONNAME = "xiaoxiao li";
				TargetAttributes = {
					0ABA72DC1BF1995C00616227 = {
						CreatedOnToolsVersion = 7.0.1;
					};
					0ABA72F01BF1995C00616227 = {
						CreatedOnToolsVersion = 7.0.1;
						TestTargetID = 0ABA72DC1BF1995C00616227;
					};
				};
			};
			buildConfigurationList = 0ABA72D81BF1995B00616227 /* Build configuration list for PBXProject "SJSUMap" */;
			compatibilityVersion = "Xcode 3.2";
			developmentRegion = English;
			hasScannedForEncodings = 0;
			knownRegions = (
				en,
				Base,
			);
			mainGroup = 0ABA72D41BF1995B00616227;
			productRefGroup = 0ABA72DE1BF1995C00616227 /* Products */;
			projectDirPath = "";
			projectRoot = "";
			targets = (
				0ABA72DC1BF1995C00616227 /* SJSUMap */,
				0ABA72F01BF1995C00616227 /* SJSUMapTests */,
			);
		};
/* End PBXProject section */

/* Begin PBXResourcesBuildPhase section */
		0ABA72DB1BF1995C00616227 /* Resources */ = {
			isa = PBXResourcesBuildPhase;
			buildActionMask = 2147483647;
			files = (
				0ABA72EB1BF1995C00616227 /* LaunchScreen.storyboard in Resources */,
				0ABA73031BF1A47E00616227 /* Assets.xcassets in Resources */,
				0ABA72E61BF1995C00616227 /* Main.storyboard in Resources */,
			);
			runOnlyForDeploymentPostprocessing = 0;
		};
		0ABA72EF1BF1995C00616227 /* Resources */ = {
			isa = PBXResourcesBuildPhase;
			buildActionMask = 2147483647;
			files = (
			);
			runOnlyForDeploymentPostprocessing = 0;
		};
/* End PBXResourcesBuildPhase section */

/* Begin PBXSourcesBuildPhase section */
		0ABA72D91BF1995C00616227 /* Sources */ = {
			isa = PBXSourcesBuildPhase;
			buildActionMask = 2147483647;
			files = (
				0ABA72E31BF1995C00616227 /* ViewController.swift in Sources */,
				0ABA73011BF1A07400616227 /* Building.swift in Sources */,
				0ABA72E11BF1995C00616227 /* AppDelegate.swift in Sources */,
			);
			runOnlyForDeploymentPostprocessing = 0;
		};
		0ABA72ED1BF1995C00616227 /* Sources */ = {
			isa = PBXSourcesBuildPhase;
			buildActionMask = 2147483647;
			files = (
				0ABA72F61BF1995C00616227 /* SJSUMapTests.swift in Sources */,
			);
			runOnlyForDeploymentPostprocessing = 0;
		};
/* End PBXSourcesBuildPhase section */

/* Begin PBXTargetDependency section */
		0ABA72F31BF1995C00616227 /* PBXTargetDependency */ = {
			isa = PBXTargetDependency;
			target = 0ABA72DC1BF1995C00616227 /* SJSUMap */;
			targetProxy = 0ABA72F21BF1995C00616227 /* PBXContainerItemProxy */;
		};
/* End PBXTargetDependency section */

/* Begin PBXVariantGroup section */
		0ABA72E41BF1995C00616227 /* Main.storyboard */ = {
			isa = PBXVariantGroup;
			children = (
				0ABA72E51BF1995C00616227 /* Base */,
			);
			name = Main.storyboard;
			sourceTree = "<group>";
		};
		0ABA72E91BF1995C00616227 /* LaunchScreen.storyboard */ = {
			isa = PBXVariantGroup;
			children = (
				0ABA72EA1BF1995C00616227 /* Base */,
			);
			name = LaunchScreen.storyboard;
			sourceTree = "<group>";
		};
/* End PBXVariantGroup section */

/* Begin XCBuildConfiguration section */
		0ABA72F81BF1995C00616227 /* Debug */ = {
			isa = XCBuildConfiguration;
			buildSettings = {
				ALWAYS_SEARCH_USER_PATHS = NO;
				CLANG_CXX_LANGUAGE_STANDARD = "gnu++0x";
				CLANG_CXX_LIBRARY = "libc++";
				CLANG_ENABLE_MODULES = YES;
				CLANG_ENABLE_OBJC_ARC = YES;
				CLANG_WARN_BOOL_CONVERSION = YES;
				CLANG_WARN_CONSTANT_CONVERSION = YES;
				CLANG_WARN_DIRECT_OBJC_ISA_USAGE = YES_ERROR;
				CLANG_WARN_EMPTY_BODY = YES;
				CLANG_WARN_ENUM_CONVERSION = YES;
				CLANG_WARN_INT_CONVERSION = YES;
				CLANG_WARN_OBJC_ROOT_CLASS = YES_ERROR;
				CLANG_WARN_UNREACHABLE_CODE = YES;
				CLANG_WARN__DUPLICATE_METHOD_MATCH = YES;
				"CODE_SIGN_IDENTITY[sdk=iphoneos*]" = "iPhone Developer";
				COPY_PHASE_STRIP = NO;
				DEBUG_INFORMATION_FORMAT = dwarf;
				ENABLE_STRICT_OBJC_MSGSEND = YES;
				ENABLE_TESTABILITY = YES;
				GCC_C_LANGUAGE_STANDARD = gnu99;
				GCC_DYNAMIC_NO_PIC = NO;
				GCC_NO_COMMON_BLOCKS = YES;
				GCC_OPTIMIZATION_LEVEL = 0;
				GCC_PREPROCESSOR_DEFINITIONS = (
					"DEBUG=1",
					"$(inherited)",
				);
				GCC_WARN_64_TO_32_BIT_CONVERSION = YES;
				GCC_WARN_ABOUT_RETURN_TYPE = YES_ERROR;
				GCC_WARN_UNDECLARED_SELECTOR = YES;
				GCC_WARN_UNINITIALIZED_AUTOS = YES_AGGRESSIVE;
				GCC_WARN_UNUSED_FUNCTION = YES;
				GCC_WARN_UNUSED_VARIABLE = YES;
				IPHONEOS_DEPLOYMENT_TARGET = 9.0;
				MTL_ENABLE_DEBUG_INFO = YES;
				ONLY_ACTIVE_ARCH = YES;
				SDKROOT = iphoneos;
				SWIFT_OPTIMIZATION_LEVEL = "-Onone";
				TARGETED_DEVICE_FAMILY = "1,2";
			};
			name = Debug;
		};
		0ABA72F91BF1995C00616227 /* Release */ = {
			isa = XCBuildConfiguration;
			buildSettings = {
				ALWAYS_SEARCH_USER_PATHS = NO;
				CLANG_CXX_LANGUAGE_STANDARD = "gnu++0x";
				CLANG_CXX_LIBRARY = "libc++";
				CLANG_ENABLE_MODULES = YES;
				CLANG_ENABLE_OBJC_ARC = YES;
				CLANG_WARN_BOOL_CONVERSION = YES;
				CLANG_WARN_CONSTANT_CONVERSION = YES;
				CLANG_WARN_DIRECT_OBJC_ISA_USAGE = YES_ERROR;
				CLANG_WARN_EMPTY_BODY = YES;
				CLANG_WARN_ENUM_CONVERSION = YES;
				CLANG_WARN_INT_CONVERSION = YES;
				CLANG_WARN_OBJC_ROOT_CLASS = YES_ERROR;
				CLANG_WARN_UNREACHABLE_CODE = YES;
				CLANG_WARN__DUPLICATE_METHOD_MATCH = YES;
				"CODE_SIGN_IDENTITY[sdk=iphoneos*]" = "iPhone Developer";
				COPY_PHASE_STRIP = NO;
				DEBUG_INFORMATION_FORMAT = "dwarf-with-dsym";
				ENABLE_NS_ASSERTIONS = NO;
				ENABLE_STRICT_OBJC_MSGSEND = YES;
				GCC_C_LANGUAGE_STANDARD = gnu99;
				GCC_NO_COMMON_BLOCKS = YES;
				GCC_WARN_64_TO_32_BIT_CONVERSION = YES;
				GCC_WARN_ABOUT_RETURN_TYPE = YES_ERROR;
				GCC_WARN_UNDECLARED_SELECTOR = YES;
				GCC_WARN_UNINITIALIZED_AUTOS = YES_AGGRESSIVE;
				GCC_WARN_UNUSED_FUNCTION = YES;
				GCC_WARN_UNUSED_VARIABLE = YES;
				IPHONEOS_DEPLOYMENT_TARGET = 9.0;
				MTL_ENABLE_DEBUG_INFO = NO;
				SDKROOT = iphoneos;
				TARGETED_DEVICE_FAMILY = "1,2";
				VALIDATE_PRODUCT = YES;
			};
			name = Release;
		};
		0ABA72FB1BF1995C00616227 /* Debug */ = {
			isa = XCBuildConfiguration;
			buildSettings = {
				ASSETCATALOG_COMPILER_APPICON_NAME = AppIcon;
				INFOPLIST_FILE = SJSUMap/Info.plist;
				LD_RUNPATH_SEARCH_PATHS = "$(inherited) @executable_path/Frameworks";
				PRODUCT_BUNDLE_IDENTIFIER = com.xiaoxiao.SJSUMap;
				PRODUCT_NAME = "$(TARGET_NAME)";
			};
			name = Debug;
		};
		0ABA72FC1BF1995C00616227 /* Release */ = {
			isa = XCBuildConfiguration;
			buildSettings = {
				ASSETCATALOG_COMPILER_APPICON_NAME = AppIcon;
				INFOPLIST_FILE = SJSUMap/Info.plist;
				LD_RUNPATH_SEARCH_PATHS = "$(inherited) @executable_path/Frameworks";
				PRODUCT_BUNDLE_IDENTIFIER = com.xiaoxiao.SJSUMap;
				PRODUCT_NAME = "$(TARGET_NAME)";
			};
			name = Release;
		};
		0ABA72FE1BF1995C00616227 /* Debug */ = {
			isa = XCBuildConfiguration;
			buildSettings = {
				BUNDLE_LOADER = "$(TEST_HOST)";
				INFOPLIST_FILE = SJSUMapTests/Info.plist;
				LD_RUNPATH_SEARCH_PATHS = "$(inherited) @executable_path/Frameworks @loader_path/Frameworks";
				PRODUCT_BUNDLE_IDENTIFIER = com.xiaoxiao.SJSUMapTests;
				PRODUCT_NAME = "$(TARGET_NAME)";
				TEST_HOST = "$(BUILT_PRODUCTS_DIR)/SJSUMap.app/SJSUMap";
			};
			name = Debug;
		};
		0ABA72FF1BF1995C00616227 /* Release */ = {
			isa = XCBuildConfiguration;
			buildSettings = {
				BUNDLE_LOADER = "$(TEST_HOST)";
				INFOPLIST_FILE = SJSUMapTests/Info.plist;
				LD_RUNPATH_SEARCH_PATHS = "$(inherited) @executable_path/Frameworks @loader_path/Frameworks";
				PRODUCT_BUNDLE_IDENTIFIER = com.xiaoxiao.SJSUMapTests;
				PRODUCT_NAME = "$(TARGET_NAME)";
				TEST_HOST = "$(BUILT_PRODUCTS_DIR)/SJSUMap.app/SJSUMap";
			};
			name = Release;
		};
/* End XCBuildConfiguration section */

/* Begin XCConfigurationList section */
		0ABA72D81BF1995B00616227 /* Build configuration list for PBXProject "SJSUMap" */ = {
			isa = XCConfigurationList;
			buildConfigurations = (
				0ABA72F81BF1995C00616227 /* Debug */,
				0ABA72F91BF1995C00616227 /* Release */,
			);
			defaultConfigurationIsVisible = 0;
			defaultConfigurationName = Release;
		};
		0ABA72FA1BF1995C00616227 /* Build configuration list for PBXNativeTarget "SJSUMap" */ = {
			isa = XCConfigurationList;
			buildConfigurations = (
				0ABA72FB1BF1995C00616227 /* Debug */,
				0ABA72FC1BF1995C00616227 /* Release */,
			);
			defaultConfigurationIsVisible = 0;
			defaultConfigurationName = Release;
		};
		0ABA72FD1BF1995C00616227 /* Build configuration list for PBXNativeTarget "SJSUMapTests" */ = {
			isa = XCConfigurationList;
			buildConfigurations = (
				0ABA72FE1BF1995C00616227 /* Debug */,
				0ABA72FF1BF1995C00616227 /* Release */,
			);
			defaultConfigurationIsVisible = 0;
			defaultConfigurationName = Release;
		};
/* End XCConfigurationList section */
	};
	rootObject = 0ABA72D51BF1995B00616227 /* Project object */;
}
